Microsoft Visual Studio Solution File, Format Version 12.00
# Visual Studio 14
VisualStudioVersion = 14.0.25420.1
MinimumVisualStudioVersion = 10.0.40219.1
Project("{FAE04EC0-301F-11D3-BF4B-00C04F79EFBC}") = "Ses", "Ses\Ses.csproj", "{00F648AC-E5B6-47D2-843C-1F34C6FC9843}"
EndProject
Project("{FAE04EC0-301F-11D3-BF4B-00C04F79EFBC}") = "Ses.Abstracts", "Ses.Abstracts\Ses.Abstracts.csproj", "{8872B02A-5745-4ADC-A214-C953A471A9E8}"
EndProject
Project("{2150E333-8FDC-42A3-9474-1A3956D46DE8}") = "Solution Items", "Solution Items", "{5AE07209-3A7F-4663-B82B-10B6D583B8B0}"
	ProjectSection(SolutionItems) = preProject
		GCop.json = GCop.json
		..\README.md = ..\README.md
		SharedAssemblyInfo.cs = SharedAssemblyInfo.cs
	EndProjectSection
EndProject
Project("{FAE04EC0-301F-11D3-BF4B-00C04F79EFBC}") = "Ses.UnitTests", "Ses.UnitTests\Ses.UnitTests.csproj", "{F4B33712-A07F-4FBC-815B-955A2D04305C}"
EndProject
Project("{FAE04EC0-301F-11D3-BF4B-00C04F79EFBC}") = "Ses.Domain", "Ses.Domain\Ses.Domain.csproj", "{6150BFEE-9044-4819-9A45-2BE71F1FDEE0}"
EndProject
Project("{FAE04EC0-301F-11D3-BF4B-00C04F79EFBC}") = "Ses.Samples", "Ses.Samples\Ses.Samples.csproj", "{590A9C84-0373-4DF8-AD77-BAADE176CFD3}"
EndProject
Project("{2150E333-8FDC-42A3-9474-1A3956D46DE8}") = "Tests", "Tests", "{30BB5F0E-705B-412C-95B1-4AC821B4DCAA}"
EndProject
Project("{FAE04EC0-301F-11D3-BF4B-00C04F79EFBC}") = "Ses.Abstracts.UnitTests", "Ses.Abstracts.UnitTests\Ses.Abstracts.UnitTests.csproj", "{8B176780-14BA-4703-AAB3-B98074A89290}"
EndProject
Project("{FAE04EC0-301F-11D3-BF4B-00C04F79EFBC}") = "Ses.Domain.UnitTests", "Ses.Domain.UnitTests\Ses.Domain.UnitTests.csproj", "{F6682E78-466D-42DC-A5B6-1D576B9D79C1}"
EndProject
Project("{FAE04EC0-301F-11D3-BF4B-00C04F79EFBC}") = "Ses.MsSql", "Ses.MsSql\Ses.MsSql.csproj", "{A97505E5-4A89-4C15-AE47-D5E89F5EBD40}"
EndProject
Project("{FAE04EC0-301F-11D3-BF4B-00C04F79EFBC}") = "Ses.MsSql.Tests", "Ses.MsSql.Tests\Ses.MsSql.Tests.csproj", "{EA45D5DE-2B9F-4057-9657-0F0FD2F032C4}"
EndProject
Project("{FAE04EC0-301F-11D3-BF4B-00C04F79EFBC}") = "Ses.Subscriptions", "Ses.Subscriptions\Ses.Subscriptions.csproj", "{761F0A09-0F5F-4561-B75D-D412DAC573C3}"
EndProject
Project("{FAE04EC0-301F-11D3-BF4B-00C04F79EFBC}") = "Ses.Subscriptions.MsSql", "Ses.Subscriptions.MsSql\Ses.Subscriptions.MsSql.csproj", "{9CCEC0DD-78A5-4646-B27D-93BC8FA136E2}"
EndProject
Project("{FAE04EC0-301F-11D3-BF4B-00C04F79EFBC}") = "Ses.Subscriptions.MsSql.Tests", "Ses.Subscriptions.MsSql.Tests\Ses.Subscriptions.MsSql.Tests.csproj", "{2E51D2E5-F258-4DFD-B772-5F9DCA4A22CD}"
EndProject
Project("{FAE04EC0-301F-11D3-BF4B-00C04F79EFBC}") = "Ses.Subscriptions.Tests", "Ses.Subscriptions.Tests\Ses.Subscriptions.Tests.csproj", "{6921DC8C-ED9C-455D-A87C-8FCD01F2C83F}"
EndProject
Global
	GlobalSection(SolutionConfigurationPlatforms) = preSolution
		Debug|Any CPU = Debug|Any CPU
		Release|Any CPU = Release|Any CPU
	EndGlobalSection
	GlobalSection(ProjectConfigurationPlatforms) = postSolution
		{00F648AC-E5B6-47D2-843C-1F34C6FC9843}.Debug|Any CPU.ActiveCfg = Debug|Any CPU
		{00F648AC-E5B6-47D2-843C-1F34C6FC9843}.Debug|Any CPU.Build.0 = Debug|Any CPU
		{00F648AC-E5B6-47D2-843C-1F34C6FC9843}.Release|Any CPU.ActiveCfg = Release|Any CPU
		{00F648AC-E5B6-47D2-843C-1F34C6FC9843}.Release|Any CPU.Build.0 = Release|Any CPU
		{8872B02A-5745-4ADC-A214-C953A471A9E8}.Debug|Any CPU.ActiveCfg = Debug|Any CPU
		{8872B02A-5745-4ADC-A214-C953A471A9E8}.Debug|Any CPU.Build.0 = Debug|Any CPU
		{8872B02A-5745-4ADC-A214-C953A471A9E8}.Release|Any CPU.ActiveCfg = Release|Any CPU
		{8872B02A-5745-4ADC-A214-C953A471A9E8}.Release|Any CPU.Build.0 = Release|Any CPU
		{F4B33712-A07F-4FBC-815B-955A2D04305C}.Debug|Any CPU.ActiveCfg = Debug|Any CPU
		{F4B33712-A07F-4FBC-815B-955A2D04305C}.Debug|Any CPU.Build.0 = Debug|Any CPU
		{F4B33712-A07F-4FBC-815B-955A2D04305C}.Release|Any CPU.ActiveCfg = Release|Any CPU
		{F4B33712-A07F-4FBC-815B-955A2D04305C}.Release|Any CPU.Build.0 = Release|Any CPU
		{6150BFEE-9044-4819-9A45-2BE71F1FDEE0}.Debug|Any CPU.ActiveCfg = Debug|Any CPU
		{6150BFEE-9044-4819-9A45-2BE71F1FDEE0}.Debug|Any CPU.Build.0 = Debug|Any CPU
		{6150BFEE-9044-4819-9A45-2BE71F1FDEE0}.Release|Any CPU.ActiveCfg = Release|Any CPU
		{6150BFEE-9044-4819-9A45-2BE71F1FDEE0}.Release|Any CPU.Build.0 = Release|Any CPU
		{590A9C84-0373-4DF8-AD77-BAADE176CFD3}.Debug|Any CPU.ActiveCfg = Debug|Any CPU
		{590A9C84-0373-4DF8-AD77-BAADE176CFD3}.Debug|Any CPU.Build.0 = Debug|Any CPU
		{590A9C84-0373-4DF8-AD77-BAADE176CFD3}.Release|Any CPU.ActiveCfg = Release|Any CPU
		{590A9C84-0373-4DF8-AD77-BAADE176CFD3}.Release|Any CPU.Build.0 = Release|Any CPU
		{8B176780-14BA-4703-AAB3-B98074A89290}.Debug|Any CPU.ActiveCfg = Debug|Any CPU
		{8B176780-14BA-4703-AAB3-B98074A89290}.Debug|Any CPU.Build.0 = Debug|Any CPU
		{8B176780-14BA-4703-AAB3-B98074A89290}.Release|Any CPU.ActiveCfg = Release|Any CPU
		{8B176780-14BA-4703-AAB3-B98074A89290}.Release|Any CPU.Build.0 = Release|Any CPU
		{F6682E78-466D-42DC-A5B6-1D576B9D79C1}.Debug|Any CPU.ActiveCfg = Debug|Any CPU
		{F6682E78-466D-42DC-A5B6-1D576B9D79C1}.Debug|Any CPU.Build.0 = Debug|Any CPU
		{F6682E78-466D-42DC-A5B6-1D576B9D79C1}.Release|Any CPU.ActiveCfg = Release|Any CPU
		{F6682E78-466D-42DC-A5B6-1D576B9D79C1}.Release|Any CPU.Build.0 = Release|Any CPU
		{A97505E5-4A89-4C15-AE47-D5E89F5EBD40}.Debug|Any CPU.ActiveCfg = Debug|Any CPU
		{A97505E5-4A89-4C15-AE47-D5E89F5EBD40}.Debug|Any CPU.Build.0 = Debug|Any CPU
		{A97505E5-4A89-4C15-AE47-D5E89F5EBD40}.Release|Any CPU.ActiveCfg = Release|Any CPU
		{A97505E5-4A89-4C15-AE47-D5E89F5EBD40}.Release|Any CPU.Build.0 = Release|Any CPU
		{EA45D5DE-2B9F-4057-9657-0F0FD2F032C4}.Debug|Any CPU.ActiveCfg = Debug|Any CPU
		{EA45D5DE-2B9F-4057-9657-0F0FD2F032C4}.Debug|Any CPU.Build.0 = Debug|Any CPU
		{EA45D5DE-2B9F-4057-9657-0F0FD2F032C4}.Release|Any CPU.ActiveCfg = Release|Any CPU
		{EA45D5DE-2B9F-4057-9657-0F0FD2F032C4}.Release|Any CPU.Build.0 = Release|Any CPU
		{761F0A09-0F5F-4561-B75D-D412DAC573C3}.Debug|Any CPU.ActiveCfg = Debug|Any CPU
		{761F0A09-0F5F-4561-B75D-D412DAC573C3}.Debug|Any CPU.Build.0 = Debug|Any CPU
		{761F0A09-0F5F-4561-B75D-D412DAC573C3}.Release|Any CPU.ActiveCfg = Release|Any CPU
		{761F0A09-0F5F-4561-B75D-D412DAC573C3}.Release|Any CPU.Build.0 = Release|Any CPU
		{9CCEC0DD-78A5-4646-B27D-93BC8FA136E2}.Debug|Any CPU.ActiveCfg = Debug|Any CPU
		{9CCEC0DD-78A5-4646-B27D-93BC8FA136E2}.Debug|Any CPU.Build.0 = Debug|Any CPU
		{9CCEC0DD-78A5-4646-B27D-93BC8FA136E2}.Release|Any CPU.ActiveCfg = Release|Any CPU
		{9CCEC0DD-78A5-4646-B27D-93BC8FA136E2}.Release|Any CPU.Build.0 = Release|Any CPU
		{2E51D2E5-F258-4DFD-B772-5F9DCA4A22CD}.Debug|Any CPU.ActiveCfg = Debug|Any CPU
		{2E51D2E5-F258-4DFD-B772-5F9DCA4A22CD}.Debug|Any CPU.Build.0 = Debug|Any CPU
		{2E51D2E5-F258-4DFD-B772-5F9DCA4A22CD}.Release|Any CPU.ActiveCfg = Release|Any CPU
		{2E51D2E5-F258-4DFD-B772-5F9DCA4A22CD}.Release|Any CPU.Build.0 = Release|Any CPU
		{6921DC8C-ED9C-455D-A87C-8FCD01F2C83F}.Debug|Any CPU.ActiveCfg = Debug|Any CPU
		{6921DC8C-ED9C-455D-A87C-8FCD01F2C83F}.Debug|Any CPU.Build.0 = Debug|Any CPU
		{6921DC8C-ED9C-455D-A87C-8FCD01F2C83F}.Release|Any CPU.ActiveCfg = Release|Any CPU
		{6921DC8C-ED9C-455D-A87C-8FCD01F2C83F}.Release|Any CPU.Build.0 = Release|Any CPU
	EndGlobalSection
	GlobalSection(SolutionProperties) = preSolution
		HideSolutionNode = FALSE
	EndGlobalSection
	GlobalSection(NestedProjects) = preSolution
		{F4B33712-A07F-4FBC-815B-955A2D04305C} = {30BB5F0E-705B-412C-95B1-4AC821B4DCAA}
		{8B176780-14BA-4703-AAB3-B98074A89290} = {30BB5F0E-705B-412C-95B1-4AC821B4DCAA}
		{F6682E78-466D-42DC-A5B6-1D576B9D79C1} = {30BB5F0E-705B-412C-95B1-4AC821B4DCAA}
		{EA45D5DE-2B9F-4057-9657-0F0FD2F032C4} = {30BB5F0E-705B-412C-95B1-4AC821B4DCAA}
		{2E51D2E5-F258-4DFD-B772-5F9DCA4A22CD} = {30BB5F0E-705B-412C-95B1-4AC821B4DCAA}
		{6921DC8C-ED9C-455D-A87C-8FCD01F2C83F} = {30BB5F0E-705B-412C-95B1-4AC821B4DCAA}
	EndGlobalSection
EndGlobal
